<?xml version="1.0" encoding="utf-8"?>
<Project ToolsVersion="4.0" xmlns="http://schemas.microsoft.com/developer/msbuild/2003">
  <ItemGroup>
    <Filter Include="Pig">
      <UniqueIdentifier>{2515880B-911E-887C-1A9A-9E7C86A2937C}</UniqueIdentifier>
    </Filter>
  </ItemGroup>
  <ItemGroup>
    <ClInclude Include="src\Pig.h" />
    <ClInclude Include="src\Pig\Application.h">
      <Filter>Pig</Filter>
    </ClInclude>
    <ClInclude Include="src\Pig\Core.h">
      <Filter>Pig</Filter>
    </ClInclude>
    <ClInclude Include="src\Pig\EntryPoint.h">
      <Filter>Pig</Filter>
    </ClInclude>
    <ClInclude Include="src\Pig\Log.h">
      <Filter>Pig</Filter>
    </ClInclude>
  </ItemGroup>
  <ItemGroup>
    <ClCompile Include="src\Pig\Application.cpp">
      <Filter>Pig</Filter>
    </ClCompile>
    <ClCompile Include="src\Pig\Log.cpp">
      <Filter>Pig</Filter>
    </ClCompile>
  </ItemGroup>
</Project>